
Microsoft Visual Studio Solution File, Format Version 12.00
# Visual Studio Version 17
VisualStudioVersion = 17.7.34202.233
MinimumVisualStudioVersion = 10.0.40219.1
Project("{9A19103F-16F7-4668-BE54-9A1E7A4F7556}") = "NetChat", "NetChat\NetChat.csproj", "{1506F312-830F-421F-8E2D-AD7DD5B4E815}"
EndProject
Project("{9A19103F-16F7-4668-BE54-9A1E7A4F7556}") = "Client", "Client\Client.csproj", "{2EE478EE-DBF4-4C90-B8AF-4A972734BBA8}"
EndProject
Project("{9A19103F-16F7-4668-BE54-9A1E7A4F7556}") = "EntityFramework", "EntityFramework\EntityFramework.csproj", "{BADBB651-5640-45BC-B68F-42EE449F697F}"
EndProject
Project("{9A19103F-16F7-4668-BE54-9A1E7A4F7556}") = "UnitTests", "Unittests\UnitTests.csproj", "{29A280E9-E1E3-46F4-8B41-679F8A4924CC}"
EndProject
Project("{9A19103F-16F7-4668-BE54-9A1E7A4F7556}") = "ChatDB", "ChatDB\ChatDB.csproj", "{2421DFC7-392B-485D-B9BE-0277CF19E696}"
EndProject
Project("{9A19103F-16F7-4668-BE54-9A1E7A4F7556}") = "ChatApplication", "ChatApplication\ChatApplication.csproj", "{B7DEAB18-62A6-4802-9C50-E26E4FE7C7CD}"
EndProject
Project("{9A19103F-16F7-4668-BE54-9A1E7A4F7556}") = "ChatCommon", "ChatCommon\ChatCommon.csproj", "{AE65F540-CCE2-4FAE-9C3A-23FAF30AEFD6}"
EndProject
Project("{FAE04EC0-301F-11D3-BF4B-00C04F79EFBC}") = "RunSolution", "RunSolution\RunSolution.csproj", "{2CD670EC-6E64-45BF-9B15-3C7DD47BF917}"
EndProject
Global
	GlobalSection(SolutionConfigurationPlatforms) = preSolution
		Debug|Any CPU = Debug|Any CPU
		Release|Any CPU = Release|Any CPU
	EndGlobalSection
	GlobalSection(ProjectConfigurationPlatforms) = postSolution
		{1506F312-830F-421F-8E2D-AD7DD5B4E815}.Debug|Any CPU.ActiveCfg = Debug|Any CPU
		{1506F312-830F-421F-8E2D-AD7DD5B4E815}.Debug|Any CPU.Build.0 = Debug|Any CPU
		{1506F312-830F-421F-8E2D-AD7DD5B4E815}.Release|Any CPU.ActiveCfg = Release|Any CPU
		{1506F312-830F-421F-8E2D-AD7DD5B4E815}.Release|Any CPU.Build.0 = Release|Any CPU
		{2EE478EE-DBF4-4C90-B8AF-4A972734BBA8}.Debug|Any CPU.ActiveCfg = Debug|Any CPU
		{2EE478EE-DBF4-4C90-B8AF-4A972734BBA8}.Debug|Any CPU.Build.0 = Debug|Any CPU
		{2EE478EE-DBF4-4C90-B8AF-4A972734BBA8}.Release|Any CPU.ActiveCfg = Release|Any CPU
		{2EE478EE-DBF4-4C90-B8AF-4A972734BBA8}.Release|Any CPU.Build.0 = Release|Any CPU
		{BADBB651-5640-45BC-B68F-42EE449F697F}.Debug|Any CPU.ActiveCfg = Debug|Any CPU
		{BADBB651-5640-45BC-B68F-42EE449F697F}.Debug|Any CPU.Build.0 = Debug|Any CPU
		{BADBB651-5640-45BC-B68F-42EE449F697F}.Release|Any CPU.ActiveCfg = Release|Any CPU
		{BADBB651-5640-45BC-B68F-42EE449F697F}.Release|Any CPU.Build.0 = Release|Any CPU
		{29A280E9-E1E3-46F4-8B41-679F8A4924CC}.Debug|Any CPU.ActiveCfg = Debug|Any CPU
		{29A280E9-E1E3-46F4-8B41-679F8A4924CC}.Debug|Any CPU.Build.0 = Debug|Any CPU
		{29A280E9-E1E3-46F4-8B41-679F8A4924CC}.Release|Any CPU.ActiveCfg = Release|Any CPU
		{29A280E9-E1E3-46F4-8B41-679F8A4924CC}.Release|Any CPU.Build.0 = Release|Any CPU
		{2421DFC7-392B-485D-B9BE-0277CF19E696}.Debug|Any CPU.ActiveCfg = Debug|Any CPU
		{2421DFC7-392B-485D-B9BE-0277CF19E696}.Debug|Any CPU.Build.0 = Debug|Any CPU
		{2421DFC7-392B-485D-B9BE-0277CF19E696}.Release|Any CPU.ActiveCfg = Release|Any CPU
		{2421DFC7-392B-485D-B9BE-0277CF19E696}.Release|Any CPU.Build.0 = Release|Any CPU
		{B7DEAB18-62A6-4802-9C50-E26E4FE7C7CD}.Debug|Any CPU.ActiveCfg = Debug|Any CPU
		{B7DEAB18-62A6-4802-9C50-E26E4FE7C7CD}.Debug|Any CPU.Build.0 = Debug|Any CPU
		{B7DEAB18-62A6-4802-9C50-E26E4FE7C7CD}.Release|Any CPU.ActiveCfg = Release|Any CPU
		{B7DEAB18-62A6-4802-9C50-E26E4FE7C7CD}.Release|Any CPU.Build.0 = Release|Any CPU
		{AE65F540-CCE2-4FAE-9C3A-23FAF30AEFD6}.Debug|Any CPU.ActiveCfg = Debug|Any CPU
		{AE65F540-CCE2-4FAE-9C3A-23FAF30AEFD6}.Debug|Any CPU.Build.0 = Debug|Any CPU
		{AE65F540-CCE2-4FAE-9C3A-23FAF30AEFD6}.Release|Any CPU.ActiveCfg = Release|Any CPU
		{AE65F540-CCE2-4FAE-9C3A-23FAF30AEFD6}.Release|Any CPU.Build.0 = Release|Any CPU
		{2CD670EC-6E64-45BF-9B15-3C7DD47BF917}.Debug|Any CPU.ActiveCfg = Debug|Any CPU
		{2CD670EC-6E64-45BF-9B15-3C7DD47BF917}.Debug|Any CPU.Build.0 = Debug|Any CPU
		{2CD670EC-6E64-45BF-9B15-3C7DD47BF917}.Release|Any CPU.ActiveCfg = Release|Any CPU
		{2CD670EC-6E64-45BF-9B15-3C7DD47BF917}.Release|Any CPU.Build.0 = Release|Any CPU
	EndGlobalSection
	GlobalSection(SolutionProperties) = preSolution
		HideSolutionNode = FALSE
	EndGlobalSection
	GlobalSection(ExtensibilityGlobals) = postSolution
		SolutionGuid = {9D9172F9-8A50-4850-B42B-1692DDCF9A59}
	EndGlobalSection
EndGlobal
